
Microsoft Visual Studio Solution File, Format Version 12.00
# Visual Studio 15
VisualStudioVersion = 15.0.27130.2003
MinimumVisualStudioVersion = 10.0.40219.1
Project("{FAE04EC0-301F-11D3-BF4B-00C04F79EFBC}") = "QLRAnalytics", "QLRAnalytics\QLRAnalytics\QLRAnalytics.csproj", "{5384C176-728D-4634-BA30-B3AC5BEF53FA}"
EndProject
Project("{FAE04EC0-301F-11D3-BF4B-00C04F79EFBC}") = "QLRData", "QLRData\QLRData\QLRData.csproj", "{9B987FE6-EFCB-42A7-9734-3AC65CE0D53E}"
EndProject
Project("{FAE04EC0-301F-11D3-BF4B-00C04F79EFBC}") = "QuantExt", "QuantExt\QuantExt\QuantExt.csproj", "{569D4D07-8911-4F5B-809C-3A99C7958291}"
EndProject
Project("{9A19103F-16F7-4668-BE54-9A1E7A4F7556}") = "QLNet", "QLNet\src\QLNet\QLNet.csproj", "{E172E39B-B345-4082-99B5-5682175E0B24}"
EndProject
Project("{FAE04EC0-301F-11D3-BF4B-00C04F79EFBC}") = "QLR", "App\QLR.csproj", "{03D4A2CF-C7FC-4082-BF16-9C70C3025133}"
EndProject
Project("{FAE04EC0-301F-11D3-BF4B-00C04F79EFBC}") = "QLRExcel", "QLRExcel\QLRExcel\QLRExcel.csproj", "{05D36B43-1F45-48E0-9753-77AC7B18BCFA}"
EndProject
Global
	GlobalSection(SolutionConfigurationPlatforms) = preSolution
		Debug|Any CPU = Debug|Any CPU
		Release|Any CPU = Release|Any CPU
	EndGlobalSection
	GlobalSection(ProjectConfigurationPlatforms) = postSolution
		{5384C176-728D-4634-BA30-B3AC5BEF53FA}.Debug|Any CPU.ActiveCfg = Debug|Any CPU
		{5384C176-728D-4634-BA30-B3AC5BEF53FA}.Debug|Any CPU.Build.0 = Debug|Any CPU
		{5384C176-728D-4634-BA30-B3AC5BEF53FA}.Release|Any CPU.ActiveCfg = Release|Any CPU
		{5384C176-728D-4634-BA30-B3AC5BEF53FA}.Release|Any CPU.Build.0 = Release|Any CPU
		{9B987FE6-EFCB-42A7-9734-3AC65CE0D53E}.Debug|Any CPU.ActiveCfg = Debug|Any CPU
		{9B987FE6-EFCB-42A7-9734-3AC65CE0D53E}.Debug|Any CPU.Build.0 = Debug|Any CPU
		{9B987FE6-EFCB-42A7-9734-3AC65CE0D53E}.Release|Any CPU.ActiveCfg = Release|Any CPU
		{9B987FE6-EFCB-42A7-9734-3AC65CE0D53E}.Release|Any CPU.Build.0 = Release|Any CPU
		{569D4D07-8911-4F5B-809C-3A99C7958291}.Debug|Any CPU.ActiveCfg = Debug|Any CPU
		{569D4D07-8911-4F5B-809C-3A99C7958291}.Debug|Any CPU.Build.0 = Debug|Any CPU
		{569D4D07-8911-4F5B-809C-3A99C7958291}.Release|Any CPU.ActiveCfg = Release|Any CPU
		{569D4D07-8911-4F5B-809C-3A99C7958291}.Release|Any CPU.Build.0 = Release|Any CPU
		{E172E39B-B345-4082-99B5-5682175E0B24}.Debug|Any CPU.ActiveCfg = Debug|Any CPU
		{E172E39B-B345-4082-99B5-5682175E0B24}.Debug|Any CPU.Build.0 = Debug|Any CPU
		{E172E39B-B345-4082-99B5-5682175E0B24}.Release|Any CPU.ActiveCfg = Release|Any CPU
		{E172E39B-B345-4082-99B5-5682175E0B24}.Release|Any CPU.Build.0 = Release|Any CPU
		{03D4A2CF-C7FC-4082-BF16-9C70C3025133}.Debug|Any CPU.ActiveCfg = Debug|Any CPU
		{03D4A2CF-C7FC-4082-BF16-9C70C3025133}.Debug|Any CPU.Build.0 = Debug|Any CPU
		{03D4A2CF-C7FC-4082-BF16-9C70C3025133}.Release|Any CPU.ActiveCfg = Release|Any CPU
		{03D4A2CF-C7FC-4082-BF16-9C70C3025133}.Release|Any CPU.Build.0 = Release|Any CPU
		{05D36B43-1F45-48E0-9753-77AC7B18BCFA}.Debug|Any CPU.ActiveCfg = Debug|Any CPU
		{05D36B43-1F45-48E0-9753-77AC7B18BCFA}.Debug|Any CPU.Build.0 = Debug|Any CPU
		{05D36B43-1F45-48E0-9753-77AC7B18BCFA}.Release|Any CPU.ActiveCfg = Release|Any CPU
		{05D36B43-1F45-48E0-9753-77AC7B18BCFA}.Release|Any CPU.Build.0 = Release|Any CPU
	EndGlobalSection
	GlobalSection(SolutionProperties) = preSolution
		HideSolutionNode = FALSE
	EndGlobalSection
	GlobalSection(ExtensibilityGlobals) = postSolution
		SolutionGuid = {D43D2D9A-94E2-45EB-9A48-1AF69B5128F7}
	EndGlobalSection
EndGlobal
